%{
  "ed25519": {:hex, :ed25519, "1.3.1", "35a363527d1c85c773eae8b5e2dfe133c693c270a20e281a7021937929da5c2e", [:mix], [], "hexpm", "e94d5899c68f8a4826cc796c12e4bb5fd8814bee092651a809137df17ef7d5d9"},
  "gnat": {:hex, :gnat, "1.1.0", "a2ecf10b48c0363e2541e7c96023860d329e314519d74ca7e3b57ef80caa9f69", [:mix], [{:jason, "~> 1.1", [hex: :jason, repo: "hexpm", optional: false]}, {:nimble_parsec, "~> 0.5", [hex: :nimble_parsec, repo: "hexpm", optional: false]}, {:nkeys, "~> 0.2", [hex: :nkeys, repo: "hexpm", optional: false]}, {:telemetry, "~> 0.4", [hex: :telemetry, repo: "hexpm", optional: false]}], "hexpm", "8f16a97d0f6390d33ebbe5e2ff49e09cbab7959cdb878a53e0740080bcadb8ad"},
  "jason": {:hex, :jason, "1.2.1", "12b22825e22f468c02eb3e4b9985f3d0cb8dc40b9bd704730efa11abd2708c44", [:mix], [{:decimal, "~> 1.0", [hex: :decimal, repo: "hexpm", optional: true]}], "hexpm", "b659b8571deedf60f79c5a608e15414085fa141344e2716fbd6988a084b5f993"},
  "nimble_parsec": {:hex, :nimble_parsec, "0.6.0", "32111b3bf39137144abd7ba1cce0914533b2d16ef35e8abc5ec8be6122944263", [:mix], [], "hexpm", "27eac315a94909d4dc68bc07a4a83e06c8379237c5ea528a9acff4ca1c873c52"},
  "nkeys": {:hex, :nkeys, "0.2.0", "8f633ac09c295e47a83f3245ccd439a69f0a6372bc87b952b3e0aac9215adec5", [:mix], [{:ed25519, "~> 1.3", [hex: :ed25519, repo: "hexpm", optional: false]}], "hexpm", "29af6d3b3cbcb8aefc9fb334157775b474a844b5c25c0c65b8c1eda48d787c14"},
  "telemetry": {:hex, :telemetry, "0.4.2", "2808c992455e08d6177322f14d3bdb6b625fbcfd233a73505870d8738a2f4599", [:rebar3], [], "hexpm", "2d1419bd9dda6a206d7b5852179511722e2b18812310d304620c7bd92a13fcef"},
}
